
Microsoft Visual Studio Solution File, Format Version 12.00
# Visual Studio 15
VisualStudioVersion = 15.0.28307.1022
MinimumVisualStudioVersion = 10.0.40219.1
Project("{8BC9CEB8-8B4A-11D0-8D11-00A0C91BC942}") = "DirectX12ShadowMapping", "DirectX12ShadowMapping\DirectX12ShadowMapping.vcxproj", "{DACEB2D3-DACD-4045-ADBD-79A8F6274FA8}"
EndProject
Global
	GlobalSection(SolutionConfigurationPlatforms) = preSolution
		Debug|x64 = Debug|x64
		Debug|x86 = Debug|x86
		Release|x64 = Release|x64
		Release|x86 = Release|x86
	EndGlobalSection
	GlobalSection(ProjectConfigurationPlatforms) = postSolution
		{DACEB2D3-DACD-4045-ADBD-79A8F6274FA8}.Debug|x64.ActiveCfg = Debug|x64
		{DACEB2D3-DACD-4045-ADBD-79A8F6274FA8}.Debug|x64.Build.0 = Debug|x64
		{DACEB2D3-DACD-4045-ADBD-79A8F6274FA8}.Debug|x86.ActiveCfg = Debug|Win32
		{DACEB2D3-DACD-4045-ADBD-79A8F6274FA8}.Debug|x86.Build.0 = Debug|Win32
		{DACEB2D3-DACD-4045-ADBD-79A8F6274FA8}.Release|x64.ActiveCfg = Release|x64
		{DACEB2D3-DACD-4045-ADBD-79A8F6274FA8}.Release|x64.Build.0 = Release|x64
		{DACEB2D3-DACD-4045-ADBD-79A8F6274FA8}.Release|x86.ActiveCfg = Release|Win32
		{DACEB2D3-DACD-4045-ADBD-79A8F6274FA8}.Release|x86.Build.0 = Release|Win32
	EndGlobalSection
	GlobalSection(SolutionProperties) = preSolution
		HideSolutionNode = FALSE
	EndGlobalSection
	GlobalSection(ExtensibilityGlobals) = postSolution
		SolutionGuid = {2EE16BBC-F6C9-454B-942C-AFE4412A083E}
	EndGlobalSection
EndGlobal
